
Microsoft Visual Studio Solution File, Format Version 12.00
# Visual Studio Version 17
VisualStudioVersion = 17.1.32414.318
MinimumVisualStudioVersion = 10.0.40219.1
Project("{FAE04EC0-301F-11D3-BF4B-00C04F79EFBC}") = "Humble.PathFinder.UnzipRename", "Humble.PathFinder.UnzipRename\Humble.PathFinder.UnzipRename.csproj", "{DDF2BFE2-C97F-4EDD-8101-911ABFFA796B}"
EndProject
Project("{FAE04EC0-301F-11D3-BF4B-00C04F79EFBC}") = "Humble.PathFiner.UnzipRename.Test", "Humble.PathFiner.UnzipRename.Test\Humble.PathFiner.UnzipRename.Test.csproj", "{6837C43C-BF76-4DDA-95D1-33964BF4D953}"
EndProject
Global
	GlobalSection(SolutionConfigurationPlatforms) = preSolution
		Debug|Any CPU = Debug|Any CPU
		Release|Any CPU = Release|Any CPU
	EndGlobalSection
	GlobalSection(ProjectConfigurationPlatforms) = postSolution
		{DDF2BFE2-C97F-4EDD-8101-911ABFFA796B}.Debug|Any CPU.ActiveCfg = Debug|Any CPU
		{DDF2BFE2-C97F-4EDD-8101-911ABFFA796B}.Debug|Any CPU.Build.0 = Debug|Any CPU
		{DDF2BFE2-C97F-4EDD-8101-911ABFFA796B}.Release|Any CPU.ActiveCfg = Release|Any CPU
		{DDF2BFE2-C97F-4EDD-8101-911ABFFA796B}.Release|Any CPU.Build.0 = Release|Any CPU
		{6837C43C-BF76-4DDA-95D1-33964BF4D953}.Debug|Any CPU.ActiveCfg = Debug|Any CPU
		{6837C43C-BF76-4DDA-95D1-33964BF4D953}.Debug|Any CPU.Build.0 = Debug|Any CPU
		{6837C43C-BF76-4DDA-95D1-33964BF4D953}.Release|Any CPU.ActiveCfg = Release|Any CPU
		{6837C43C-BF76-4DDA-95D1-33964BF4D953}.Release|Any CPU.Build.0 = Release|Any CPU
	EndGlobalSection
	GlobalSection(SolutionProperties) = preSolution
		HideSolutionNode = FALSE
	EndGlobalSection
	GlobalSection(ExtensibilityGlobals) = postSolution
		SolutionGuid = {9D08823D-5F3E-49C6-B913-0848B7EB4AD2}
	EndGlobalSection
EndGlobal
